
Microsoft Visual Studio Solution File, Format Version 12.00
# Visual Studio Version 16
VisualStudioVersion = 16.0.30804.86
MinimumVisualStudioVersion = 10.0.40219.1
Project("{FAE04EC0-301F-11D3-BF4B-00C04F79EFBC}") = "Desafio2", "Desafio2\Desafio2.csproj", "{4190F0E3-8BF5-4489-A3CD-3C7196AD72D2}"
EndProject
Global
	GlobalSection(SolutionConfigurationPlatforms) = preSolution
		Debug|Any CPU = Debug|Any CPU
		Release|Any CPU = Release|Any CPU
	EndGlobalSection
	GlobalSection(ProjectConfigurationPlatforms) = postSolution
		{4190F0E3-8BF5-4489-A3CD-3C7196AD72D2}.Debug|Any CPU.ActiveCfg = Debug|Any CPU
		{4190F0E3-8BF5-4489-A3CD-3C7196AD72D2}.Debug|Any CPU.Build.0 = Debug|Any CPU
		{4190F0E3-8BF5-4489-A3CD-3C7196AD72D2}.Release|Any CPU.ActiveCfg = Release|Any CPU
		{4190F0E3-8BF5-4489-A3CD-3C7196AD72D2}.Release|Any CPU.Build.0 = Release|Any CPU
	EndGlobalSection
	GlobalSection(SolutionProperties) = preSolution
		HideSolutionNode = FALSE
	EndGlobalSection
	GlobalSection(ExtensibilityGlobals) = postSolution
		SolutionGuid = {D1E87196-E312-45B8-820C-00D5C8ABEE10}
	EndGlobalSection
EndGlobal
