
Microsoft Visual Studio Solution File, Format Version 12.00
# Visual Studio Version 16
VisualStudioVersion = 16.0.30804.86
MinimumVisualStudioVersion = 10.0.40219.1
Project("{FAE04EC0-301F-11D3-BF4B-00C04F79EFBC}") = "Menor de tres", "Menor de tres\Menor de tres.csproj", "{EEF8D4FC-A54B-4FCD-B6BA-B7D511E48DE7}"
EndProject
Global
	GlobalSection(SolutionConfigurationPlatforms) = preSolution
		Debug|Any CPU = Debug|Any CPU
		Release|Any CPU = Release|Any CPU
	EndGlobalSection
	GlobalSection(ProjectConfigurationPlatforms) = postSolution
		{EEF8D4FC-A54B-4FCD-B6BA-B7D511E48DE7}.Debug|Any CPU.ActiveCfg = Debug|Any CPU
		{EEF8D4FC-A54B-4FCD-B6BA-B7D511E48DE7}.Debug|Any CPU.Build.0 = Debug|Any CPU
		{EEF8D4FC-A54B-4FCD-B6BA-B7D511E48DE7}.Release|Any CPU.ActiveCfg = Release|Any CPU
		{EEF8D4FC-A54B-4FCD-B6BA-B7D511E48DE7}.Release|Any CPU.Build.0 = Release|Any CPU
	EndGlobalSection
	GlobalSection(SolutionProperties) = preSolution
		HideSolutionNode = FALSE
	EndGlobalSection
	GlobalSection(ExtensibilityGlobals) = postSolution
		SolutionGuid = {94C88117-C798-4E33-9820-AE4CED2B7EDC}
	EndGlobalSection
EndGlobal
