
Microsoft Visual Studio Solution File, Format Version 12.00
# Visual Studio Version 16
VisualStudioVersion = 16.0.30804.86
MinimumVisualStudioVersion = 10.0.40219.1
Project("{FAE04EC0-301F-11D3-BF4B-00C04F79EFBC}") = "Divisores", "Divisores\Divisores.csproj", "{DF35FEE5-4D2A-4D25-B1A4-FC2A96C9013C}"
EndProject
Global
	GlobalSection(SolutionConfigurationPlatforms) = preSolution
		Debug|Any CPU = Debug|Any CPU
		Release|Any CPU = Release|Any CPU
	EndGlobalSection
	GlobalSection(ProjectConfigurationPlatforms) = postSolution
		{DF35FEE5-4D2A-4D25-B1A4-FC2A96C9013C}.Debug|Any CPU.ActiveCfg = Debug|Any CPU
		{DF35FEE5-4D2A-4D25-B1A4-FC2A96C9013C}.Debug|Any CPU.Build.0 = Debug|Any CPU
		{DF35FEE5-4D2A-4D25-B1A4-FC2A96C9013C}.Release|Any CPU.ActiveCfg = Release|Any CPU
		{DF35FEE5-4D2A-4D25-B1A4-FC2A96C9013C}.Release|Any CPU.Build.0 = Release|Any CPU
	EndGlobalSection
	GlobalSection(SolutionProperties) = preSolution
		HideSolutionNode = FALSE
	EndGlobalSection
	GlobalSection(ExtensibilityGlobals) = postSolution
		SolutionGuid = {BC22EC00-1FA9-494C-BD36-4F83AABE86BC}
	EndGlobalSection
EndGlobal
