
Microsoft Visual Studio Solution File, Format Version 12.00
# Visual Studio Version 16
VisualStudioVersion = 16.0.30804.86
MinimumVisualStudioVersion = 10.0.40219.1
Project("{FAE04EC0-301F-11D3-BF4B-00C04F79EFBC}") = "Impares", "Impares\Impares.csproj", "{3466A07F-7BD1-409C-912A-8CE45E569C52}"
EndProject
Global
	GlobalSection(SolutionConfigurationPlatforms) = preSolution
		Debug|Any CPU = Debug|Any CPU
		Release|Any CPU = Release|Any CPU
	EndGlobalSection
	GlobalSection(ProjectConfigurationPlatforms) = postSolution
		{3466A07F-7BD1-409C-912A-8CE45E569C52}.Debug|Any CPU.ActiveCfg = Debug|Any CPU
		{3466A07F-7BD1-409C-912A-8CE45E569C52}.Debug|Any CPU.Build.0 = Debug|Any CPU
		{3466A07F-7BD1-409C-912A-8CE45E569C52}.Release|Any CPU.ActiveCfg = Release|Any CPU
		{3466A07F-7BD1-409C-912A-8CE45E569C52}.Release|Any CPU.Build.0 = Release|Any CPU
	EndGlobalSection
	GlobalSection(SolutionProperties) = preSolution
		HideSolutionNode = FALSE
	EndGlobalSection
	GlobalSection(ExtensibilityGlobals) = postSolution
		SolutionGuid = {79D97E5F-CCAD-4C45-93DC-F20F545D3CDC}
	EndGlobalSection
EndGlobal
