
Microsoft Visual Studio Solution File, Format Version 12.00
# Visual Studio Version 16
VisualStudioVersion = 16.0.30804.86
MinimumVisualStudioVersion = 10.0.40219.1
Project("{FAE04EC0-301F-11D3-BF4B-00C04F79EFBC}") = "Senha", "Senha\Senha.csproj", "{C45B6CB2-4D28-4445-A75A-75F73807665D}"
EndProject
Global
	GlobalSection(SolutionConfigurationPlatforms) = preSolution
		Debug|Any CPU = Debug|Any CPU
		Release|Any CPU = Release|Any CPU
	EndGlobalSection
	GlobalSection(ProjectConfigurationPlatforms) = postSolution
		{C45B6CB2-4D28-4445-A75A-75F73807665D}.Debug|Any CPU.ActiveCfg = Debug|Any CPU
		{C45B6CB2-4D28-4445-A75A-75F73807665D}.Debug|Any CPU.Build.0 = Debug|Any CPU
		{C45B6CB2-4D28-4445-A75A-75F73807665D}.Release|Any CPU.ActiveCfg = Release|Any CPU
		{C45B6CB2-4D28-4445-A75A-75F73807665D}.Release|Any CPU.Build.0 = Release|Any CPU
	EndGlobalSection
	GlobalSection(SolutionProperties) = preSolution
		HideSolutionNode = FALSE
	EndGlobalSection
	GlobalSection(ExtensibilityGlobals) = postSolution
		SolutionGuid = {320FA8D8-DAB4-44B7-9431-74EEC7AF4EF3}
	EndGlobalSection
EndGlobal
