
Microsoft Visual Studio Solution File, Format Version 12.00
# Visual Studio Version 16
VisualStudioVersion = 16.0.30804.86
MinimumVisualStudioVersion = 10.0.40219.1
Project("{FAE04EC0-301F-11D3-BF4B-00C04F79EFBC}") = "Salario do funcionario", "Salario do funcionario\Salario do funcionario.csproj", "{2C0D050B-124B-412A-8EEA-915DE97D80C9}"
EndProject
Global
	GlobalSection(SolutionConfigurationPlatforms) = preSolution
		Debug|Any CPU = Debug|Any CPU
		Release|Any CPU = Release|Any CPU
	EndGlobalSection
	GlobalSection(ProjectConfigurationPlatforms) = postSolution
		{2C0D050B-124B-412A-8EEA-915DE97D80C9}.Debug|Any CPU.ActiveCfg = Debug|Any CPU
		{2C0D050B-124B-412A-8EEA-915DE97D80C9}.Debug|Any CPU.Build.0 = Debug|Any CPU
		{2C0D050B-124B-412A-8EEA-915DE97D80C9}.Release|Any CPU.ActiveCfg = Release|Any CPU
		{2C0D050B-124B-412A-8EEA-915DE97D80C9}.Release|Any CPU.Build.0 = Release|Any CPU
	EndGlobalSection
	GlobalSection(SolutionProperties) = preSolution
		HideSolutionNode = FALSE
	EndGlobalSection
	GlobalSection(ExtensibilityGlobals) = postSolution
		SolutionGuid = {53A3BECA-1244-4062-A5F4-E7C97E91E458}
	EndGlobalSection
EndGlobal
