
Microsoft Visual Studio Solution File, Format Version 12.00
# Visual Studio Version 16
VisualStudioVersion = 16.0.30804.86
MinimumVisualStudioVersion = 10.0.40219.1
Project("{FAE04EC0-301F-11D3-BF4B-00C04F79EFBC}") = "Positivo ou negativo", "Positivo ou negativo\Positivo ou negativo.csproj", "{78064689-A1ED-4797-AB4B-0154C4F5492F}"
EndProject
Global
	GlobalSection(SolutionConfigurationPlatforms) = preSolution
		Debug|Any CPU = Debug|Any CPU
		Release|Any CPU = Release|Any CPU
	EndGlobalSection
	GlobalSection(ProjectConfigurationPlatforms) = postSolution
		{78064689-A1ED-4797-AB4B-0154C4F5492F}.Debug|Any CPU.ActiveCfg = Debug|Any CPU
		{78064689-A1ED-4797-AB4B-0154C4F5492F}.Debug|Any CPU.Build.0 = Debug|Any CPU
		{78064689-A1ED-4797-AB4B-0154C4F5492F}.Release|Any CPU.ActiveCfg = Release|Any CPU
		{78064689-A1ED-4797-AB4B-0154C4F5492F}.Release|Any CPU.Build.0 = Release|Any CPU
	EndGlobalSection
	GlobalSection(SolutionProperties) = preSolution
		HideSolutionNode = FALSE
	EndGlobalSection
	GlobalSection(ExtensibilityGlobals) = postSolution
		SolutionGuid = {D314CF86-D1F5-4262-97D9-476F4C0A724D}
	EndGlobalSection
EndGlobal
