
Microsoft Visual Studio Solution File, Format Version 12.00
# Visual Studio Version 16
VisualStudioVersion = 16.0.30804.86
MinimumVisualStudioVersion = 10.0.40219.1
Project("{FAE04EC0-301F-11D3-BF4B-00C04F79EFBC}") = "Exponencial", "Exponencial\Exponencial.csproj", "{922FCD72-DC10-457B-AE67-0D9848D2ABF8}"
EndProject
Global
	GlobalSection(SolutionConfigurationPlatforms) = preSolution
		Debug|Any CPU = Debug|Any CPU
		Release|Any CPU = Release|Any CPU
	EndGlobalSection
	GlobalSection(ProjectConfigurationPlatforms) = postSolution
		{922FCD72-DC10-457B-AE67-0D9848D2ABF8}.Debug|Any CPU.ActiveCfg = Debug|Any CPU
		{922FCD72-DC10-457B-AE67-0D9848D2ABF8}.Debug|Any CPU.Build.0 = Debug|Any CPU
		{922FCD72-DC10-457B-AE67-0D9848D2ABF8}.Release|Any CPU.ActiveCfg = Release|Any CPU
		{922FCD72-DC10-457B-AE67-0D9848D2ABF8}.Release|Any CPU.Build.0 = Release|Any CPU
	EndGlobalSection
	GlobalSection(SolutionProperties) = preSolution
		HideSolutionNode = FALSE
	EndGlobalSection
	GlobalSection(ExtensibilityGlobals) = postSolution
		SolutionGuid = {0C166886-9016-420E-A09A-B371B01C66B3}
	EndGlobalSection
EndGlobal
