
Microsoft Visual Studio Solution File, Format Version 12.00
# Visual Studio Version 16
VisualStudioVersion = 16.0.30804.86
MinimumVisualStudioVersion = 10.0.40219.1
Project("{FAE04EC0-301F-11D3-BF4B-00C04F79EFBC}") = "Imposto sobre o salario", "Imposto sobre o salario\Imposto sobre o salario.csproj", "{A91921D7-12D0-4857-A7BA-A5C891177814}"
EndProject
Global
	GlobalSection(SolutionConfigurationPlatforms) = preSolution
		Debug|Any CPU = Debug|Any CPU
		Release|Any CPU = Release|Any CPU
	EndGlobalSection
	GlobalSection(ProjectConfigurationPlatforms) = postSolution
		{A91921D7-12D0-4857-A7BA-A5C891177814}.Debug|Any CPU.ActiveCfg = Debug|Any CPU
		{A91921D7-12D0-4857-A7BA-A5C891177814}.Debug|Any CPU.Build.0 = Debug|Any CPU
		{A91921D7-12D0-4857-A7BA-A5C891177814}.Release|Any CPU.ActiveCfg = Release|Any CPU
		{A91921D7-12D0-4857-A7BA-A5C891177814}.Release|Any CPU.Build.0 = Release|Any CPU
	EndGlobalSection
	GlobalSection(SolutionProperties) = preSolution
		HideSolutionNode = FALSE
	EndGlobalSection
	GlobalSection(ExtensibilityGlobals) = postSolution
		SolutionGuid = {B8B80A79-CDD6-4C8B-93A9-12C97EA9124C}
	EndGlobalSection
EndGlobal
