
Microsoft Visual Studio Solution File, Format Version 12.00
# Visual Studio Version 16
VisualStudioVersion = 16.0.30804.86
MinimumVisualStudioVersion = 10.0.40219.1
Project("{FAE04EC0-301F-11D3-BF4B-00C04F79EFBC}") = "Soma", "Soma\Soma.csproj", "{13E6571F-FE8B-4B3C-8307-27D4D1E3FB6D}"
EndProject
Global
	GlobalSection(SolutionConfigurationPlatforms) = preSolution
		Debug|Any CPU = Debug|Any CPU
		Release|Any CPU = Release|Any CPU
	EndGlobalSection
	GlobalSection(ProjectConfigurationPlatforms) = postSolution
		{13E6571F-FE8B-4B3C-8307-27D4D1E3FB6D}.Debug|Any CPU.ActiveCfg = Debug|Any CPU
		{13E6571F-FE8B-4B3C-8307-27D4D1E3FB6D}.Debug|Any CPU.Build.0 = Debug|Any CPU
		{13E6571F-FE8B-4B3C-8307-27D4D1E3FB6D}.Release|Any CPU.ActiveCfg = Release|Any CPU
		{13E6571F-FE8B-4B3C-8307-27D4D1E3FB6D}.Release|Any CPU.Build.0 = Release|Any CPU
	EndGlobalSection
	GlobalSection(SolutionProperties) = preSolution
		HideSolutionNode = FALSE
	EndGlobalSection
	GlobalSection(ExtensibilityGlobals) = postSolution
		SolutionGuid = {10A3D9D7-7B50-4A13-B06F-C05F4605217B}
	EndGlobalSection
EndGlobal
